
Microsoft Visual Studio Solution File, Format Version 12.00
# Visual Studio 2015
Project("{FAE04EC0-301F-11D3-BF4B-00C04F79EFBC}") = "Shape Plane Project.Plugins", "Shape Plane Project.Plugins.csproj", "{3E80C0CD-563D-8431-7C57-10189BFCA999}"
EndProject
Project("{FAE04EC0-301F-11D3-BF4B-00C04F79EFBC}") = "Shape Plane Project", "Shape Plane Project.csproj", "{80CCE144-FD90-0B53-4E84-E739B79378AB}"
EndProject
Project("{FAE04EC0-301F-11D3-BF4B-00C04F79EFBC}") = "Shape Plane Project.Editor.Plugins", "Shape Plane Project.Editor.Plugins.csproj", "{EFA08FF4-4E90-B035-68B5-CB13656EAEB0}"
EndProject
Project("{FAE04EC0-301F-11D3-BF4B-00C04F79EFBC}") = "Shape Plane Project.Editor", "Shape Plane Project.Editor.csproj", "{80024F63-5AB0-EA9A-EFAF-A031D4A3F87D}"
EndProject
Global
	GlobalSection(SolutionConfigurationPlatforms) = preSolution
		Debug|Any CPU = Debug|Any CPU
		Release|Any CPU = Release|Any CPU
	EndGlobalSection
	GlobalSection(ProjectConfigurationPlatforms) = postSolution
		{3E80C0CD-563D-8431-7C57-10189BFCA999}.Debug|Any CPU.ActiveCfg = Debug|Any CPU
		{3E80C0CD-563D-8431-7C57-10189BFCA999}.Debug|Any CPU.Build.0 = Debug|Any CPU
		{3E80C0CD-563D-8431-7C57-10189BFCA999}.Release|Any CPU.ActiveCfg = Release|Any CPU
		{3E80C0CD-563D-8431-7C57-10189BFCA999}.Release|Any CPU.Build.0 = Release|Any CPU
		{80CCE144-FD90-0B53-4E84-E739B79378AB}.Debug|Any CPU.ActiveCfg = Debug|Any CPU
		{80CCE144-FD90-0B53-4E84-E739B79378AB}.Debug|Any CPU.Build.0 = Debug|Any CPU
		{80CCE144-FD90-0B53-4E84-E739B79378AB}.Release|Any CPU.ActiveCfg = Release|Any CPU
		{80CCE144-FD90-0B53-4E84-E739B79378AB}.Release|Any CPU.Build.0 = Release|Any CPU
		{EFA08FF4-4E90-B035-68B5-CB13656EAEB0}.Debug|Any CPU.ActiveCfg = Debug|Any CPU
		{EFA08FF4-4E90-B035-68B5-CB13656EAEB0}.Debug|Any CPU.Build.0 = Debug|Any CPU
		{EFA08FF4-4E90-B035-68B5-CB13656EAEB0}.Release|Any CPU.ActiveCfg = Release|Any CPU
		{EFA08FF4-4E90-B035-68B5-CB13656EAEB0}.Release|Any CPU.Build.0 = Release|Any CPU
		{80024F63-5AB0-EA9A-EFAF-A031D4A3F87D}.Debug|Any CPU.ActiveCfg = Debug|Any CPU
		{80024F63-5AB0-EA9A-EFAF-A031D4A3F87D}.Debug|Any CPU.Build.0 = Debug|Any CPU
		{80024F63-5AB0-EA9A-EFAF-A031D4A3F87D}.Release|Any CPU.ActiveCfg = Release|Any CPU
		{80024F63-5AB0-EA9A-EFAF-A031D4A3F87D}.Release|Any CPU.Build.0 = Release|Any CPU
	EndGlobalSection
	GlobalSection(SolutionProperties) = preSolution
		HideSolutionNode = FALSE
	EndGlobalSection
EndGlobal
